
Microsoft Visual Studio Solution File, Format Version 12.00
# Visual Studio Version 16
VisualStudioVersion = 16.0.31410.357
MinimumVisualStudioVersion = 10.0.40219.1
Project("{FAE04EC0-301F-11D3-BF4B-00C04F79EFBC}") = "BlazorServerApp", "BlazorServerApp\BlazorServerApp.csproj", "{D5191751-F786-4A0E-8F00-5DA7A433E856}"
EndProject
Global
	GlobalSection(SolutionConfigurationPlatforms) = preSolution
		Debug|Any CPU = Debug|Any CPU
		Release|Any CPU = Release|Any CPU
	EndGlobalSection
	GlobalSection(ProjectConfigurationPlatforms) = postSolution
		{D5191751-F786-4A0E-8F00-5DA7A433E856}.Debug|Any CPU.ActiveCfg = Debug|Any CPU
		{D5191751-F786-4A0E-8F00-5DA7A433E856}.Debug|Any CPU.Build.0 = Debug|Any CPU
		{D5191751-F786-4A0E-8F00-5DA7A433E856}.Release|Any CPU.ActiveCfg = Release|Any CPU
		{D5191751-F786-4A0E-8F00-5DA7A433E856}.Release|Any CPU.Build.0 = Release|Any CPU
	EndGlobalSection
	GlobalSection(SolutionProperties) = preSolution
		HideSolutionNode = FALSE
	EndGlobalSection
	GlobalSection(ExtensibilityGlobals) = postSolution
		SolutionGuid = {C742D0B5-A45C-49F2-B2B3-CFF91EDACFB5}
	EndGlobalSection
EndGlobal
